
Microsoft Visual Studio Solution File, Format Version 12.00
# Visual Studio Version 16
VisualStudioVersion = 16.0.30804.86
MinimumVisualStudioVersion = 10.0.40219.1
Project("{FAE04EC0-301F-11D3-BF4B-00C04F79EFBC}") = "BankSystem", "BankSystem\BankSystem.csproj", "{4E8F8AD7-7B9D-4C78-B04B-8DF658A56831}"
EndProject
Global
	GlobalSection(SolutionConfigurationPlatforms) = preSolution
		Debug|Any CPU = Debug|Any CPU
		Release|Any CPU = Release|Any CPU
	EndGlobalSection
	GlobalSection(ProjectConfigurationPlatforms) = postSolution
		{4E8F8AD7-7B9D-4C78-B04B-8DF658A56831}.Debug|Any CPU.ActiveCfg = Debug|Any CPU
		{4E8F8AD7-7B9D-4C78-B04B-8DF658A56831}.Debug|Any CPU.Build.0 = Debug|Any CPU
		{4E8F8AD7-7B9D-4C78-B04B-8DF658A56831}.Release|Any CPU.ActiveCfg = Release|Any CPU
		{4E8F8AD7-7B9D-4C78-B04B-8DF658A56831}.Release|Any CPU.Build.0 = Release|Any CPU
	EndGlobalSection
	GlobalSection(SolutionProperties) = preSolution
		HideSolutionNode = FALSE
	EndGlobalSection
	GlobalSection(ExtensibilityGlobals) = postSolution
		SolutionGuid = {2CE778BD-DA9B-4522-BC76-6BB41E98FA0C}
	EndGlobalSection
EndGlobal
